
Microsoft Visual Studio Solution File, Format Version 12.00
# Visual Studio Version 17
VisualStudioVersion = 17.4.33403.182
MinimumVisualStudioVersion = 10.0.40219.1
Project("{8BC9CEB8-8B4A-11D0-8D11-00A0C91BC942}") = "Class - 1", "Class - 1.vcxproj", "{ECE3A844-115E-4F8E-A018-0EE1D82A6693}"
EndProject
Global
	GlobalSection(SolutionConfigurationPlatforms) = preSolution
		Debug|x64 = Debug|x64
		Debug|x86 = Debug|x86
		Release|x64 = Release|x64
		Release|x86 = Release|x86
	EndGlobalSection
	GlobalSection(ProjectConfigurationPlatforms) = postSolution
		{ECE3A844-115E-4F8E-A018-0EE1D82A6693}.Debug|x64.ActiveCfg = Debug|x64
		{ECE3A844-115E-4F8E-A018-0EE1D82A6693}.Debug|x64.Build.0 = Debug|x64
		{ECE3A844-115E-4F8E-A018-0EE1D82A6693}.Debug|x86.ActiveCfg = Debug|Win32
		{ECE3A844-115E-4F8E-A018-0EE1D82A6693}.Debug|x86.Build.0 = Debug|Win32
		{ECE3A844-115E-4F8E-A018-0EE1D82A6693}.Release|x64.ActiveCfg = Release|x64
		{ECE3A844-115E-4F8E-A018-0EE1D82A6693}.Release|x64.Build.0 = Release|x64
		{ECE3A844-115E-4F8E-A018-0EE1D82A6693}.Release|x86.ActiveCfg = Release|Win32
		{ECE3A844-115E-4F8E-A018-0EE1D82A6693}.Release|x86.Build.0 = Release|Win32
	EndGlobalSection
	GlobalSection(SolutionProperties) = preSolution
		HideSolutionNode = FALSE
	EndGlobalSection
	GlobalSection(ExtensibilityGlobals) = postSolution
		SolutionGuid = {0F1DA2AF-1D0A-46DD-B652-B8DDC93A2F0B}
	EndGlobalSection
EndGlobal
